dependencies:
- name: cassandra
  repository: https://charts.helm.sh/incubator
  version: 0.15.3
- name: elasticsearch
  repository: https://helm.elastic.co
  version: 7.17.3
- name: kafka
  repository: https://charts.bitnami.com/bitnami
  version: 18.3.1
- name: common
  repository: https://charts.bitnami.com/bitnami
  version: 1.16.0
digest: sha256:5200b0a40503aeea1aa88aa02534dbffa2383e5e761bc145206f298d742270ca
generated: "2022-09-03T08:37:53.117567718+02:00"
